github.com/aws/aws-sdk-go-v2 v1.45.1 h1:iIoG3NaLhV6UZpPXyPXlDj2I9oS8tV/nMcMnITCC6Ks=
github.com/aws/aws-sdk-go-v2 v1.45.1/go.mod h1:bttEH6JqnUL8LepvDVfdrds/fZ5bCIxzpe3abyUrhDU=
github.com/aws/aws-sdk-go-v2/aws/protocol/eventstream v1.7.20 h1:GPRlPwz40I2B2VrBEASOA3Bi77NyeqejNLkifosX0rs=
github.com/aws/aws-sdk-go-v2/aws/protocol/eventstream v1.7.20/go.mod h1:g7PNzKcsOKWb4fkSRBA7BZVAS6Y8IcxzN+nRohhQ1Q8=
github.com/aws/aws-sdk-go-v2/internal/configsources v1.5.1 h1:pc138gM1CW+XPc60rEwUlwwuwWFQK16CI1T7v1F9Oec=
github.com/aws/aws-sdk-go-v2/internal/configsources v1.5.1/go.mod h1:1+koxpPIbfBdfzP6vojm5/zTpTQ/micYwlxIiNB3TxI=
github.com/aws/aws-sdk-go-v2/internal/endpoints/v2 v2.8.1 h1:K0JsbZQj+1h208Ro1zHeA4l7bMp0NvRffHQ91q8Ol1s=
github.com/aws/aws-sdk-go-v2/internal/endpoints/v2 v2.8.1/go.mod h1:W3/vL6EtCIatICGy9ab29QhMuae+cOKPWcMxv02CO+Q=
github.com/aws/aws-sdk-go-v2/service/guardduty v1.89.0 h1:svXgg7K54c05arReUdG1bW5OZ5qKVZYkHclBseccHPU=
github.com/aws/aws-sdk-go-v2/service/guardduty v1.89.0/go.mod h1:tJ93BG8atXomG+6EJLUjcsPY+TFi5M0FCE8xhrQZTkc=
github.com/aws/aws-sdk-go-v2/service/internal/accept-encoding v1.13.19 h1:bAdDl/HkGCcGPoe25ToSHEw23VIxt6CT5fLcg111BKg=
github.com/aws/aws-sdk-go-v2/service/internal/accept-encoding v1.13.19/go.mod h1:KaUzbLxv4CeSxh6ZCl9B4m7CuFenS8kUEaDs+f/DQr4=
github.com/aws/aws-sdk-go-v2/service/internal/presigned-url v1.14.1 h1:RmmWQPREQdk9U+PfqeHW3MqZaBaNK7TpV9W3RY+b+7g=
github.com/aws/aws-sdk-go-v2/service/internal/presigned-url v1.14.1/go.mod h1:0A3W4F+68ZnNk5XcNL/e9HFMwnP8RlEicFfy6eOEDyw=
github.com/aws/aws-sdk-go-v2/service/kms v1.58.0 h1:GZ3wgDnjZcp4S8QhUAjis4VUKy+f4QonFKyNpihJGKU=
github.com/aws/aws-sdk-go-v2/service/kms v1.58.0/go.mod h1:EzyGQwPscu9Pwk4XJx5PrG0g8Wxtc2sv8ullQP1NIJA=
github.com/aws/aws-sdk-go-v2/service/lambda v1.106.0 h1:6XlUwcy8dID09A4y3PUilZDPEGZQo7wJFChPN2zhrHc=
github.com/aws/aws-sdk-go-v2/service/lambda v1.106.0/go.mod h1:xFO5LMHsvX9T3B9lLauhTYYyYSCoCn46gxiqpVfK+Sw=
github.com/aws/aws-sdk-go-v2/service/organizations v1.58.0 h1:3h6IMGQTd5DqUGoDX6GZZasQRE6KpYx8+z+9Tb5Ezwc=
github.com/aws/aws-sdk-go-v2/service/organizations v1.58.0/go.mod h1:gDvnnHT8O9vj1zHOa1ApHdmGhOTKTC9mvZP03f0m6y8=
github.com/aws/aws-sdk-go-v2/service/rds v1.127.0 h1:2gvvl35gt7EteixPgFptH17SdoMck/aJWpBSeiOZwLI=
github.com/aws/aws-sdk-go-v2/service/rds v1.127.0/go.mod h1:XNgrAl4ZWN+hcqRfH5/AY6rENRBCMzcEDAIhD0OM01o=
github.com/aws/aws-sdk-go-v2/service/secretsmanager v1.47.0 h1:LjEecQF5MLvqi1H/fMlU4JL6aQZyN/7BYMynz6PVnxQ=
github.com/aws/aws-sdk-go-v2/service/secretsmanager v1.47.0/go.mod h1:2rdJeO95tT+EGmjF4jWmIzNKRwIMpr7Dnf7W6mIB9EQ=
github.com/aws/smithy-go v1.28.1 h1:R/nXH00c8qcfCzQVELtRw+eLQWtzv+VAIEFJ1/xxXlQ=
github.com/aws/smithy-go v1.28.1/go.mod h1:YE2RhdIuDbA5E5bTdciG9KrW3+TiEONeUWCqxX9i1Fc=
github.com/gofrs/flock v0.10.0 h1:SHMXenfaB03KbroETaCMtbBg3Yn29v4w1r+tgy4ff4k=
github.com/gofrs/flock v0.10.0/go.mod h1:FirDy1Ing0mI2+kB6wk+vyyAH+e6xiE+EYA0jnzV9jc=
github.com/oracle/oci-go-sdk/v65 v65.124.1 h1:Wuos4/Ru9PRI83ObOfAmaEu+m+LcmjG7f17c0p6YzwM=
github.com/oracle/oci-go-sdk/v65 v65.124.1/go.mod h1:Pzy+BpgkDesvGZXEHgslwhIYobHCPHg6wRta1mWnlqQ=
github.com/sony/gobreaker/v2 v2.4.0 h1:g2KJRW1Ubty3+ZOcSEUN7K+REQJdN6yo6XvaML+jptg=
github.com/sony/gobreaker/v2 v2.4.0/go.mod h1:pTyFJgcZ3h2tdQVLZZruK2C0eoFL1fb/G83wK1ZQl+s=
github.com/stretchr/objx v0.5.3 h1:jmXUvGomnU1o3W/V5h2VEradbpJDwGrzugQQvL0POH4=
github.com/stretchr/objx v0.5.3/go.mod h1:rDQraq+vQZU7Fde9LOZLr8Tax6zZvy4kuNKF+QYS+U0=
github.com/stretchr/testify v1.12.1 h1:EuwCh5fleGS7H32xRwO3wRGT7DxrDhLAT6FF8MpWDWE=
github.com/stretchr/testify v1.12.1/go.mod h1:MDEgiDPPsNp5cuIrHPPCyornHKgEVbtFUmoNlxoYthg=
github.com/youmark/pkcs8 v0.0.0-20240726163527-a2c0da244d78 h1:ilQV1hzziu+LLM3zUTJ0trRztfwgjqKnBWNtSRkbmwM=
github.com/youmark/pkcs8 v0.0.0-20240726163527-a2c0da244d78/go.mod h1:aL8wCCfTfSfmXjznFBSZNN13rSJjlIOI1fUNAtF7rmI=
go.yaml.in/yaml/v3 v3.0.5 h1:N6y/pJk8buWs9NY5ERU2HSMfm+IuD/OtfdAnq6kESPw=
go.yaml.in/yaml/v3 v3.0.5/go.mod h1:HVTZu1O7/Vkt2N+BFy8Zza+lnLsABggaTM2ZpNIGuKg=
golang.org/x/crypto v0.55.0 h1:+KWHjbgOaAQ66dh/YlkZKHlz9ZUlq61AFirAR9ntP8M=
golang.org/x/crypto v0.55.0/go.mod h1:uq0V9dE/fzQuJtbnL+2EhWOE63vo164FY8xqEnV9xis=
golang.org/x/sys v0.47.0 h1:o7XGOvZQCADBQQ4Y7VNq2dRWQR7JmOUW8Kxx4ZsNgWs=
golang.org/x/sys v0.47.0/go.mod h1:4GL1E5IUh+htKOUEOaiffhrAeqysfVGipDYzABqnCmw=
