github.com/aws/aws-sdk-go-v2 v1.45.1 h1:iIoG3NaLhV6UZpPXyPXlDj2I9oS8tV/nMcMnITCC6Ks=
github.com/aws/aws-sdk-go-v2 v1.45.1/go.mod h1:bttEH6JqnUL8LepvDVfdrds/fZ5bCIxzpe3abyUrhDU=
github.com/aws/aws-sdk-go-v2/aws/protocol/eventstream v1.7.20 h1:GPRlPwz40I2B2VrBEASOA3Bi77NyeqejNLkifosX0rs=
github.com/aws/aws-sdk-go-v2/aws/protocol/eventstream v1.7.20/go.mod h1:g7PNzKcsOKWb4fkSRBA7BZVAS6Y8IcxzN+nRohhQ1Q8=
github.com/aws/aws-sdk-go-v2/config v1.33.2 h1:Pj4+nF2kc4Z+1BJysVPnX9d5dMN7IYFXR4UJaWK2IpA=
github.com/aws/aws-sdk-go-v2/config v1.33.2/go.mod h1:Igw+HTwbR2tsTU/ydifAS9EHAFJ2s/FCgkwQWFnAdE4=
github.com/aws/aws-sdk-go-v2/credentials v1.20.2 h1:VQjZODPNfdikCX2ZZrltw4zNLkcwjyUFDUl2vT9yTwg=
github.com/aws/aws-sdk-go-v2/credentials v1.20.2/go.mod h1:OmeHCn28vZylsBvalLDf7t8fuJ2rHYQprJs+7WuxniI=
github.com/aws/aws-sdk-go-v2/feature/ec2/imds v1.19.1 h1:YIEBqcqRnpi4Pfv0YHImtgi6czGCwKHANC7SwmUAVD0=
github.com/aws/aws-sdk-go-v2/feature/ec2/imds v1.19.1/go.mod h1:imEf0oufgAo8KAkCHhrOdqGEC0YWx1PPBQH82shSxGw=
github.com/aws/aws-sdk-go-v2/internal/configsources v1.5.1 h1:pc138gM1CW+XPc60rEwUlwwuwWFQK16CI1T7v1F9Oec=
github.com/aws/aws-sdk-go-v2/internal/configsources v1.5.1/go.mod h1:1+koxpPIbfBdfzP6vojm5/zTpTQ/micYwlxIiNB3TxI=
github.com/aws/aws-sdk-go-v2/internal/endpoints/v2 v2.8.1 h1:K0JsbZQj+1h208Ro1zHeA4l7bMp0NvRffHQ91q8Ol1s=
github.com/aws/aws-sdk-go-v2/internal/endpoints/v2 v2.8.1/go.mod h1:W3/vL6EtCIatICGy9ab29QhMuae+cOKPWcMxv02CO+Q=
github.com/aws/aws-sdk-go-v2/internal/v4a v1.5.1 h1:yhw5KD1phVyP9vijxOUzDfEtJx+bt+L63k+VfuiYFAA=
github.com/aws/aws-sdk-go-v2/internal/v4a v1.5.1/go.mod h1:ZW2e0d7DYlRxlS9hEiMXE47gTdX5KRN4byUiNbUpG+Q=
github.com/aws/aws-sdk-go-v2/service/accessanalyzer v1.54.0 h1:ZApg6JzWExFYrREiBFF6q+fHo0YrrwwEhfoDBpeIxfg=
github.com/aws/aws-sdk-go-v2/service/accessanalyzer v1.54.0/go.mod h1:rVuCzZeMm5IVUQlDKYImRyo6bW7zxSLWCd6lKivItuI=
github.com/aws/aws-sdk-go-v2/service/account v1.39.0 h1:qFq5cqivuaypTfmNUteSQXW73rZ2Pqz/y8+zjpSPqkg=
github.com/aws/aws-sdk-go-v2/service/account v1.39.0/go.mod h1:/6l8GO1Mf2ywirWh1SrlxHbqS7YzuZC6+K14nXl9K78=
github.com/aws/aws-sdk-go-v2/service/acm v1.48.0 h1:0b5FcSGZRnDfZDz7FkYCqGoLD5iGAkDNQCscvkm3scs=
github.com/aws/aws-sdk-go-v2/service/acm v1.48.0/go.mod h1:rXp/S2Y1dSFzIWk1A5KuejdTq2u6BYWUTo4V8gjQ4dM=
github.com/aws/aws-sdk-go-v2/service/acmpca v1.54.0 h1:tiCs8sZ1B5/Rl1h3FJv9swgtn0CcEH6BOBGh6EFMVzo=
github.com/aws/aws-sdk-go-v2/service/acmpca v1.54.0/go.mod h1:OkPcyEWfeMVtCXbx7JlF1//cLYWMIvwmuReVVRHcpig=
github.com/aws/aws-sdk-go-v2/service/amplify v1.46.0 h1:VhcDmHfhlgm3W/Qi36mkUcA28boZPdAysO8/vC7dt5w=
github.com/aws/aws-sdk-go-v2/service/amplify v1.46.0/go.mod h1:5Od2uJ7ONLsqzyJjesk8dgIB9i4LV/g2zdrqcFANXSU=
github.com/aws/aws-sdk-go-v2/service/apigateway v1.45.0 h1:TbK9xVr4ifazs8CRakBLFliq4hKbwwxDOiJtYDar9i4=
github.com/aws/aws-sdk-go-v2/service/apigateway v1.45.0/go.mod h1:qh6CFDnQ0mQoza4c9b2Tls+QALP+Kbz4b9hQDdkoVR8=
github.com/aws/aws-sdk-go-v2/service/apigatewayv2 v1.40.0 h1:dP0+vbFrBGhpF0sqCV4BAlHS4s6BvmeC1WAHdZFe05A=
github.com/aws/aws-sdk-go-v2/service/apigatewayv2 v1.40.0/go.mod h1:J5dYsgqHwacnfrsLTkROs7TctL/AkkMdNQv/dtc/7kI=
github.com/aws/aws-sdk-go-v2/service/appstream v1.68.1 h1:idKL5xBwhn/cemSG3/lzS0tGtpJMtFSmsJwKVcltJ4o=
github.com/aws/aws-sdk-go-v2/service/appstream v1.68.1/go.mod h1:Ir1L3+lijDKphWTeAfhg4NHNrNGFkLvLPE03I+hKb5Q=
github.com/aws/aws-sdk-go-v2/service/appsync v1.59.0 h1:Z9+cBZ/o1OPcZNqar1sIAdAHNQo4aKltgeAW4O0KMUA=
github.com/aws/aws-sdk-go-v2/service/appsync v1.59.0/go.mod h1:0rpbwVj+6N7OPOyEBkZ9WRuYnD/IdiGfS5DCFo5aE9U=
github.com/aws/aws-sdk-go-v2/service/athena v1.64.0 h1:HnHMA98zWRuaRdIYa/fvPCHeEQbJykVsXfiK74x6v2o=
github.com/aws/aws-sdk-go-v2/service/athena v1.64.0/go.mod h1:PvOgT+mAEoXeoG7Nun4D1h8jiJ21dH3ms80DZFrw+hU=
github.com/aws/aws-sdk-go-v2/service/autoscaling v1.76.0 h1:iV8RGJWF/iHjYo/+vFHE6AUKFd2cFvy//QJ+vCfuoAY=
github.com/aws/aws-sdk-go-v2/service/autoscaling v1.76.0/go.mod h1:wh20TPxjGHR8c/e3+NIZTNzMsrTlkSXODJnxIaaf5a0=
github.com/aws/aws-sdk-go-v2/service/backup v1.63.0 h1:BJU74iSUfiAX2ADg+v71totZO2CbhWv6rTidB0Q+qYg=
github.com/aws/aws-sdk-go-v2/service/backup v1.63.0/go.mod h1:EsBn0zGB+4uo+DuUhDk2SkX97US+sKrJCE+nS/dIAGU=
github.com/aws/aws-sdk-go-v2/service/batch v1.73.0 h1:9lv1Tkn3yDXrEnEVLr86ZdGcF/7OnpZDJeDJXQL2xQ4=
github.com/aws/aws-sdk-go-v2/service/batch v1.73.0/go.mod h1:1Ip776OeE7Lyu8AiZuo1rM4v/qL3wMcFKtqJMJzrviM=
github.com/aws/aws-sdk-go-v2/service/bedrock v1.70.0 h1:aZqG2s7EoLfCi50CT/lcW8S7Yt3xSVfB1du9rk/e5yg=
github.com/aws/aws-sdk-go-v2/service/bedrock v1.70.0/go.mod h1:nKmZ+J5ZhnK908kqblT/LTOk2VSW1MVxg2Qnr1KxQ78=
github.com/aws/aws-sdk-go-v2/service/cloudformation v1.79.0 h1:QdGV83ods5B0cb1KIc79QhabvneqkRk8FR1bi3w2k30=
github.com/aws/aws-sdk-go-v2/service/cloudformation v1.79.0/go.mod h1:Qu13pjg01PcSNWKQVqdC19JK/FkT5q9m+J+dyTwfZjw=
github.com/aws/aws-sdk-go-v2/service/cloudfront v1.71.0 h1:lQDXpYPSTK6RKCLhs5YzDpi5xfhFJoMHqU9DQBumC74=
github.com/aws/aws-sdk-go-v2/service/cloudfront v1.71.0/go.mod h1:ifIxru9dAFy5sUgWbVcsiZvZ3G0UkC86RJhwu1N7acg=
github.com/aws/aws-sdk-go-v2/service/cloudtrail v1.62.0 h1:Nyoac3KKgpycct4GR1tyCN9RnyQ3QoTP8hPWrg2aoYU=
github.com/aws/aws-sdk-go-v2/service/cloudtrail v1.62.0/go.mod h1:mK0cQpCJmP5m8OakwWxHmHX1Ztszwo8depO1YiZiyxU=
github.com/aws/aws-sdk-go-v2/service/cloudwatch v1.70.0 h1:rM/fsht9hzb/0Iq3S/+0tM9SwneQ/zV3DmzHrYsbPtk=
github.com/aws/aws-sdk-go-v2/service/cloudwatch v1.70.0/go.mod h1:rmlhLCdedUIhyhhkK9E2BBqHiaUpsmb0Yg7S58r6aaE=
github.com/aws/aws-sdk-go-v2/service/codeartifact v1.44.0 h1:EEYU8N/sMpei4gX4VnTX0w3fqtcWY5hNaBF2axoa7u8=
github.com/aws/aws-sdk-go-v2/service/codeartifact v1.44.0/go.mod h1:Iw2AN7lqDgMVpd07nnjT3lOdhQ1/j2UX/Zq1O1ghLHM=
github.com/aws/aws-sdk-go-v2/service/codebuild v1.76.0 h1:0rxK0sLsV0/q8Z1E6SA1oX1kLEuSosKrZBGZhBJdV+I=
github.com/aws/aws-sdk-go-v2/service/codebuild v1.76.0/go.mod h1:ucVILPTAAjdylPG3j4w7JwKEVWdpoM+QwHMXWGpQINM=
github.com/aws/aws-sdk-go-v2/service/codecommit v1.41.0 h1:SFxlwIhqw2GFVA+V/xOUfLTiDGvbrUDpaDHL5W7Buho=
github.com/aws/aws-sdk-go-v2/service/codecommit v1.41.0/go.mod h1:YEgcX/qUvWg+Eczba8OpRk7WJx09nPaslkelDgpNymI=
github.com/aws/aws-sdk-go-v2/service/codepipeline v1.53.0 h1:VtamAqstQtzBNDLFPSkHnaPwdCn7Kf8WArGhGREslOA=
github.com/aws/aws-sdk-go-v2/service/codepipeline v1.53.0/go.mod h1:WFhmaoQVp76c7Xrv+KmeMilYxqCwYmRQ6Jw9QR/1b0s=
github.com/aws/aws-sdk-go-v2/service/cognitoidentityprovider v1.72.0 h1:yXvcJDWolZdLyff+t2HTNdJnwysVvMDpZYYrRUOuGg0=
github.com/aws/aws-sdk-go-v2/service/cognitoidentityprovider v1.72.0/go.mod h1:LmtIJyc0o3ZgAHDMC0Vx/GiQG4TbPT07dcllPqwlItw=
github.com/aws/aws-sdk-go-v2/service/configservice v1.72.0 h1:B0lIlVQoUY2OuhLjOdimxneH5uW/YIx7rTZeas856O0=
github.com/aws/aws-sdk-go-v2/service/configservice v1.72.0/go.mod h1:lsA0mDG/e5EZ/wKapeWEll7Ceb8kQEu4UGRr/2rlbAY=
github.com/aws/aws-sdk-go-v2/service/databasemigrationservice v1.69.0 h1:JOVPEqqpMTdg5G/QS6raS7AdjaiUp5ml9A52YPEC4h0=
github.com/aws/aws-sdk-go-v2/service/databasemigrationservice v1.69.0/go.mod h1:9WmuNpQ1Pz6Kc3a+7X2u8swGwOiHDIepKFk0tI0n0ts=
github.com/aws/aws-sdk-go-v2/service/datapipeline v1.36.0 h1:KPpRo55e5+pKQoPl51kdjybr8YV25APzFfSXa/YonvU=
github.com/aws/aws-sdk-go-v2/service/datapipeline v1.36.0/go.mod h1:I599eampwgp1R4vUs+QEx19ijwhGEJxaUUrS5/d9/l4=
github.com/aws/aws-sdk-go-v2/service/datasync v1.65.0 h1:YDyUhXhkti1R1eHj7CqLb+wwkTY1FFVrdLsGu9J+L6I=
github.com/aws/aws-sdk-go-v2/service/datasync v1.65.0/go.mod h1:Q3BqQ7ihe3Jrr22SpoIA9dRvmKqDp5O35lcUX3f9uDk=
github.com/aws/aws-sdk-go-v2/service/directconnect v1.48.0 h1:ELh1PVfMnrS7kF3KW6c0y0S8+KoXbB2o7MRFmjGd6+8=
github.com/aws/aws-sdk-go-v2/service/directconnect v1.48.0/go.mod h1:+kTKWFIeenzuSKmAEVUktVX9yTzvxQ8QyUMd5LmmGko=
github.com/aws/aws-sdk-go-v2/service/directoryservice v1.45.0 h1:CTcgg/++qcHL4oJ1vtqbO84IPJwaC1NlOdAujSt4irs=
github.com/aws/aws-sdk-go-v2/service/directoryservice v1.45.0/go.mod h1:0KuSHn7XXB1Id4HVYyQyVYejqbNcaIoHwq55yzBWlAc=
github.com/aws/aws-sdk-go-v2/service/dlm v1.43.0 h1:4IuxkDawEDO/tpe3adjoSIq8+OvgvfNPBHJmytdon/g=
github.com/aws/aws-sdk-go-v2/service/dlm v1.43.0/go.mod h1:EMEKQKzKYC/ufhQo5F5shpkA68mPkUUGSa+LNfNRM7k=
github.com/aws/aws-sdk-go-v2/service/docdb v1.54.0 h1:pfpROU+8pEg54NU+zZZY4XNdcZdXk9dx/qsyebQnDdI=
github.com/aws/aws-sdk-go-v2/service/docdb v1.54.0/go.mod h1:cmcJewZi8StPTTyAg/tT0lYR8u8OtCnhLSNDv+2KTQw=
github.com/aws/aws-sdk-go-v2/service/drs v1.48.0 h1:UyA8m5dbG/GVYCRtiyvXt3hy9EDfG7YzOSczhacUK00=
github.com/aws/aws-sdk-go-v2/service/drs v1.48.0/go.mod h1:Ty5UPEvjsjUMM3mFW8adCoTKdhWeY+JwU5qri7umZxk=
github.com/aws/aws-sdk-go-v2/service/dynamodb v1.66.0 h1:Iz90Uc1I8Yx/EVZMVEdB3SuLRkOJYY1YUUU0hTV7AFo=
github.com/aws/aws-sdk-go-v2/service/dynamodb v1.66.0/go.mod h1:1n7X9A0OjJ8CZjeac5PsFxEkIzBioOs223JPLDZ5bbQ=
github.com/aws/aws-sdk-go-v2/service/ec2 v1.328.0 h1:83ydTd4o/PyZB5XRhzwHwTCWjXlgtejbKf9W/eqU5LY=
github.com/aws/aws-sdk-go-v2/service/ec2 v1.328.0/go.mod h1:M8AJ/M7737nKBNqZvXUNrADGBy+d3PNggJGmAStCWxI=
github.com/aws/aws-sdk-go-v2/service/ecr v1.63.0 h1:VuxqZe6/5y5c26XZYNAs/iZ9HDnn9Te9T1ahA1rz188=
github.com/aws/aws-sdk-go-v2/service/ecr v1.63.0/go.mod h1:BITpKEMb6U6dnjcbrlonpiStseuI9I0GZ21p61iqeFA=
github.com/aws/aws-sdk-go-v2/service/ecs v1.95.0 h1:9nbZ0MMdHwUkvFj1cjPiciWJBQCUBYW5DWnWfFIM4hk=
github.com/aws/aws-sdk-go-v2/service/ecs v1.95.0/go.mod h1:SWnb6UqGrRl+8szKjonPFm9cO31HpS9NdqdOLXS9vbA=
github.com/aws/aws-sdk-go-v2/service/efs v1.47.0 h1:jxeZyjWoHkZgTpw0ca/U6G9DOHwGwLeOVsBzmTNfmYI=
github.com/aws/aws-sdk-go-v2/service/efs v1.47.0/go.mod h1:5vY8S4D3FzAn29Z35KaPubhF0Agn+HJKmLj4S4fAb8g=
github.com/aws/aws-sdk-go-v2/service/eks v1.97.0 h1:/i3r5G7l4VpqegBcuTq2J3mAo9TjE3l3E/dNQFj7JYk=
github.com/aws/aws-sdk-go-v2/service/eks v1.97.0/go.mod h1:VW9+jZicSbAPGHczf4tlIwgjkNT+5KXYYDbz/PxsRTs=
github.com/aws/aws-sdk-go-v2/service/elasticache v1.59.0 h1:2BcwRqrdABhdefE/FezrN2msSF5bjDSFF+XgPE9PvDk=
github.com/aws/aws-sdk-go-v2/service/elasticache v1.59.0/go.mod h1:kbOlb8lif87h3YTBvjmhJiVFVg9oJ6b17MWzF3pL7vM=
github.com/aws/aws-sdk-go-v2/service/elasticbeanstalk v1.40.0 h1:DXHDCDyQlv3WaX/zzrzeQaOmsCauH172mqbBfiaZPLs=
github.com/aws/aws-sdk-go-v2/service/elasticbeanstalk v1.40.0/go.mod h1:ZMMD6Z9HrrzMX73KQ7f5feRRW0pvNDU9Ka7/ViQSZec=
github.com/aws/aws-sdk-go-v2/service/elasticloadbalancing v1.39.0 h1:2Y2r9Bw7aNnz5qRbaP3Rplel6qYxLRx4drFfAd1tTG0=
github.com/aws/aws-sdk-go-v2/service/elasticloadbalancing v1.39.0/go.mod h1:rp/ZIrMxsdYHnUW9urnQ5EroaDmT1OJAg1Pc9LF8eWI=
github.com/aws/aws-sdk-go-v2/service/elasticloadbalancingv2 v1.61.1 h1:XSWRtKuWWjvWL5bBpIg5dAw+snMzOuvH6xj8Ixi/iXI=
github.com/aws/aws-sdk-go-v2/service/elasticloadbalancingv2 v1.61.1/go.mod h1:dbj7M5O7ef265rCf1cDRUBHFlZxKS9HErEs4EZ61mYc=
github.com/aws/aws-sdk-go-v2/service/emr v1.68.0 h1:1eVEjNvt4pMQdtjSqLwoZexdJrrx4SnBvf6JD7uv/iA=
github.com/aws/aws-sdk-go-v2/service/emr v1.68.0/go.mod h1:8vIAU4t7I34p+ODNJjVDnRSiI8P1JQNWzWEfpPMFHWw=
github.com/aws/aws-sdk-go-v2/service/eventbridge v1.52.0 h1:PXMeuDwZWMYAQTKpAdBI4Tr/qka1Vyga9pH+gWLsJ2k=
github.com/aws/aws-sdk-go-v2/service/eventbridge v1.52.0/go.mod h1:YUqxHWYMSdqNX8zNpg6e0JR3a5kdWDhxZHfSOwfBx+s=
github.com/aws/aws-sdk-go-v2/service/firehose v1.49.0 h1:+Jr79XUfYEvrtWnYHUTxOjeeLE0vGjh+9pDvuGzGM/k=
github.com/aws/aws-sdk-go-v2/service/firehose v1.49.0/go.mod h1:Ze6lqKG4a9IO6qKODPBba8QlJyZdp9Hahf942qtmez8=
github.com/aws/aws-sdk-go-v2/service/fms v1.51.0 h1:ejmo0WR1XutlUm8JMB6LdzpCkJexaKvHKdveV6g6fjk=
github.com/aws/aws-sdk-go-v2/service/fms v1.51.0/go.mod h1:WpATL/5is8kL95QKnYuR/jw1Li/mMc3eHBKu9pfCQB0=
github.com/aws/aws-sdk-go-v2/service/fsx v1.72.0 h1:8GdEdzjyN/JhAt6YdivtRVCFyFra5HOi757aW2B3GzQ=
github.com/aws/aws-sdk-go-v2/service/fsx v1.72.0/go.mod h1:+lfgmYIjEkVBmwON4BdH+khzTRcaDydsOsdBroAlljU=
github.com/aws/aws-sdk-go-v2/service/glacier v1.39.0 h1:leuxfj8T8kynGbZMT6jS9TyxHSdq/SLZd+QTcAUd2fY=
github.com/aws/aws-sdk-go-v2/service/glacier v1.39.0/go.mod h1:mSuyFHokMWW2w9ZhdfO+ytADwypRCY8gfeX+gjf2TSY=
github.com/aws/aws-sdk-go-v2/service/globalaccelerator v1.42.0 h1:DUNOYDQGFR/9VincQN0oz/MHkIxkds4aSry+u4g4mjM=
github.com/aws/aws-sdk-go-v2/service/globalaccelerator v1.42.0/go.mod h1:+n1jcnHniSo63qZeW4OF32xFxeviI9dIUFp2YxrsyvA=
github.com/aws/aws-sdk-go-v2/service/glue v1.156.0 h1:fUHHMdLtVMKbUeQ92wiJYQcRuXeopxkSs0JIm57fhIo=
github.com/aws/aws-sdk-go-v2/service/glue v1.156.0/go.mod h1:rFkH3UgvXgadg/HuhbCEInqFOqC6ZpcOgI/Z87O0N7E=
github.com/aws/aws-sdk-go-v2/service/guardduty v1.89.0 h1:svXgg7K54c05arReUdG1bW5OZ5qKVZYkHclBseccHPU=
github.com/aws/aws-sdk-go-v2/service/guardduty v1.89.0/go.mod h1:tJ93BG8atXomG+6EJLUjcsPY+TFi5M0FCE8xhrQZTkc=
github.com/aws/aws-sdk-go-v2/service/iam v1.62.0 h1:pMq9Wvwbxre0ALXgh6wesNH3+92DaGzAle38t2V0ucU=
github.com/aws/aws-sdk-go-v2/service/iam v1.62.0/go.mod h1:k0YVlnUF0eaJtm8g0VcFDn9LVfK38XdrXTHRd/EeflQ=
github.com/aws/aws-sdk-go-v2/service/inspector2 v1.57.0 h1:xWQe9LaHH/0pWsEQLtDTW5U3o1T4XdwkaKo/maJwZXQ=
github.com/aws/aws-sdk-go-v2/service/inspector2 v1.57.0/go.mod h1:vYJxLvCfJvTOTrO1xal89c4dAWELn6TXJHTbcdaJkl0=
github.com/aws/aws-sdk-go-v2/service/internal/accept-encoding v1.13.19 h1:bAdDl/HkGCcGPoe25ToSHEw23VIxt6CT5fLcg111BKg=
github.com/aws/aws-sdk-go-v2/service/internal/accept-encoding v1.13.19/go.mod h1:KaUzbLxv4CeSxh6ZCl9B4m7CuFenS8kUEaDs+f/DQr4=
github.com/aws/aws-sdk-go-v2/service/internal/checksum v1.11.1 h1:s67hBfG5t9rn1NCvDuB4E3QIep3UFhHPtaIqFDjV3N8=
github.com/aws/aws-sdk-go-v2/service/internal/checksum v1.11.1/go.mod h1:FpvjBMXtSNMLPmDJsWwcY5cRnqJlpS2y1R6n4pvzs4k=
github.com/aws/aws-sdk-go-v2/service/internal/endpoint-discovery v1.13.1 h1:kIfDHRmq8zgw3DB0XxzGTZi19BX7OwIn+yDE9BJ2I1g=
github.com/aws/aws-sdk-go-v2/service/internal/endpoint-discovery v1.13.1/go.mod h1:o6YX/HIkSNfumuKUum+FrqrsebMFVJUiGcmGp03WnsQ=
github.com/aws/aws-sdk-go-v2/service/internal/presigned-url v1.14.1 h1:RmmWQPREQdk9U+PfqeHW3MqZaBaNK7TpV9W3RY+b+7g=
github.com/aws/aws-sdk-go-v2/service/internal/presigned-url v1.14.1/go.mod h1:0A3W4F+68ZnNk5XcNL/e9HFMwnP8RlEicFfy6eOEDyw=
github.com/aws/aws-sdk-go-v2/service/internal/s3shared v1.20.1 h1:ZMbtPZZQRca+3+XYQne9PBvRiYpHZlNJJOZfE9WNfT0=
github.com/aws/aws-sdk-go-v2/service/internal/s3shared v1.20.1/go.mod h1:YAGWQdCYlVCoqrzvfv3RLxO6zKwti7gsAULOGWPLYv4=
github.com/aws/aws-sdk-go-v2/service/kafka v1.62.0 h1:+rqfkr0+M/LhX/aDLyPeYhLgJu/pCbFDzJKz53nI500=
github.com/aws/aws-sdk-go-v2/service/kafka v1.62.0/go.mod h1:5JoPnVXn6JfzblR2Q8YVmTkU5Ve8dKg/HMYbpJl708s=
github.com/aws/aws-sdk-go-v2/service/kinesis v1.52.0 h1:Jqqw8rDMGGTaZOZ5AUlrwXDEyo28u0kDQVKvWp/gitg=
github.com/aws/aws-sdk-go-v2/service/kinesis v1.52.0/go.mod h1:gp/2Rk1YGkvFyFpFKPGhAbggg3OH6weSNii27yqQu3E=
github.com/aws/aws-sdk-go-v2/service/kms v1.58.0 h1:GZ3wgDnjZcp4S8QhUAjis4VUKy+f4QonFKyNpihJGKU=
github.com/aws/aws-sdk-go-v2/service/kms v1.58.0/go.mod h1:EzyGQwPscu9Pwk4XJx5PrG0g8Wxtc2sv8ullQP1NIJA=
github.com/aws/aws-sdk-go-v2/service/lambda v1.106.0 h1:6XlUwcy8dID09A4y3PUilZDPEGZQo7wJFChPN2zhrHc=
github.com/aws/aws-sdk-go-v2/service/lambda v1.106.0/go.mod h1:xFO5LMHsvX9T3B9lLauhTYYyYSCoCn46gxiqpVfK+Sw=
github.com/aws/aws-sdk-go-v2/service/lightsail v1.63.0 h1:DOgt5xqeZvbliA0AUsndxraAIcNvy3R8L0JrXJqh1Ko=
github.com/aws/aws-sdk-go-v2/service/lightsail v1.63.0/go.mod h1:eEivUxMklY31MxYU0PqODmNOWUXtXmZdz5luD2YLY7s=
github.com/aws/aws-sdk-go-v2/service/macie2 v1.57.0 h1:NZrm55XM5Vx1kFoM4P5n0OnlarsC/UpHwd/euG2zgQ0=
github.com/aws/aws-sdk-go-v2/service/macie2 v1.57.0/go.mod h1:OUwQx5EJ8xBH+CP5/C7m8i2zOStxklDfPi0CwpptX4M=
github.com/aws/aws-sdk-go-v2/service/memorydb v1.40.0 h1:xebdWBq2RCSW1VsVHY4NNyle7ywzSqC7SpniUVNXVVI=
github.com/aws/aws-sdk-go-v2/service/memorydb v1.40.0/go.mod h1:qgQ6sOD4kw91JNl36vsqQu9gNiFtpyf5p4nTGvmsNhI=
github.com/aws/aws-sdk-go-v2/service/mq v1.42.0 h1:Oz5v/eWTruRPFXqIgZYfeu+h1LXfKYvPOg/H/QwybTI=
github.com/aws/aws-sdk-go-v2/service/mq v1.42.0/go.mod h1:aHNcFiRZVLlEQGlrrwpJjIAikelP9Fjfi20gH/mrOVM=
github.com/aws/aws-sdk-go-v2/service/neptune v1.51.0 h1:zxMmzgnj7MPnM2qvqJhKvLt9Q5yhNLqD7gsUBy+7PF8=
github.com/aws/aws-sdk-go-v2/service/neptune v1.51.0/go.mod h1:aRGO8kRqO33o5XmnkeF/F3izE6YQ+t9kfKYNgak5Wk0=
github.com/aws/aws-sdk-go-v2/service/networkfirewall v1.70.0 h1:m3z4LJwmiaXqBRv4TjUfu1nl9XTC7Pi16lkQ463S8U0=
github.com/aws/aws-sdk-go-v2/service/networkfirewall v1.70.0/go.mod h1:Hm6ojpNP9jCfxl/poownA5XSwDMs+ioeP5JNo9WRL4M=
github.com/aws/aws-sdk-go-v2/service/opensearch v1.78.0 h1:qCkMm2TEzqVSrQTFGoF39eFmC+mwbrspjRwcaIR4ajQ=
github.com/aws/aws-sdk-go-v2/service/opensearch v1.78.0/go.mod h1:L4ucI6cOT+L5s5fQrV+mpzcdN6masrMs+tKLieT0Tgw=
github.com/aws/aws-sdk-go-v2/service/organizations v1.58.0 h1:3h6IMGQTd5DqUGoDX6GZZasQRE6KpYx8+z+9Tb5Ezwc=
github.com/aws/aws-sdk-go-v2/service/organizations v1.58.0/go.mod h1:gDvnnHT8O9vj1zHOa1ApHdmGhOTKTC9mvZP03f0m6y8=
github.com/aws/aws-sdk-go-v2/service/rds v1.127.0 h1:2gvvl35gt7EteixPgFptH17SdoMck/aJWpBSeiOZwLI=
github.com/aws/aws-sdk-go-v2/service/rds v1.127.0/go.mod h1:XNgrAl4ZWN+hcqRfH5/AY6rENRBCMzcEDAIhD0OM01o=
github.com/aws/aws-sdk-go-v2/service/redshift v1.69.0 h1:kAISVJRVqaVjT9WZEwcHWW1UXTLOcPg9ww6ijsT4RoY=
github.com/aws/aws-sdk-go-v2/service/redshift v1.69.0/go.mod h1:d2U0cZr54h16GCQvwnbmSHklPiFLzfPVA7qrsstR2mc=
github.com/aws/aws-sdk-go-v2/service/resourceexplorer2 v1.31.0 h1:fiGFqN+mfoeyXDwCQLSV8IZiFOSH8hSbfJm0nXHjGL0=
github.com/aws/aws-sdk-go-v2/service/resourceexplorer2 v1.31.0/go.mod h1:Gxo9YESfpgyXerHGz7Ks5UvfGMWo1WAsgR3Ai7yM62I=
github.com/aws/aws-sdk-go-v2/service/rolesanywhere v1.29.0 h1:6LqWi8NxkETwrHN0mvCTS0t0J2i5iZvrM7QyQhcAkyo=
github.com/aws/aws-sdk-go-v2/service/rolesanywhere v1.29.0/go.mod h1:JMPDslTZkm81RQZWbkbUjfFBY9SIAFUZ8j+VgSsZIN4=
github.com/aws/aws-sdk-go-v2/service/route53 v1.68.0 h1:TyYPOR7yYTQmdj/CPoGu3ccj3yNrOT/yQh541mYaygg=
github.com/aws/aws-sdk-go-v2/service/route53 v1.68.0/go.mod h1:s/AxBtquPdiAFPFBm1G2WXZBCfA4Hpaml3JwMMpJEeQ=
github.com/aws/aws-sdk-go-v2/service/s3 v1.110.0 h1:He8vaTTqAAJrux/KdpjFXNWueLJZyKqE49QEXoqAu4I=
github.com/aws/aws-sdk-go-v2/service/s3 v1.110.0/go.mod h1:CUr46sCpGAg/rHaclRyhJX0LJAmH73uWSJPPSaMUrSk=
github.com/aws/aws-sdk-go-v2/service/sagemaker v1.273.0 h1:gg6rJfsVfInO03hsasVO2PB6zOJfLYhUr0MhWloSY8Q=
github.com/aws/aws-sdk-go-v2/service/sagemaker v1.273.0/go.mod h1:w189mfFngLaYolp0LMDhsoD27AWe1FVVWWeAb1h+gTI=
github.com/aws/aws-sdk-go-v2/service/secretsmanager v1.47.0 h1:LjEecQF5MLvqi1H/fMlU4JL6aQZyN/7BYMynz6PVnxQ=
github.com/aws/aws-sdk-go-v2/service/secretsmanager v1.47.0/go.mod h1:2rdJeO95tT+EGmjF4jWmIzNKRwIMpr7Dnf7W6mIB9EQ=
github.com/aws/aws-sdk-go-v2/service/securityhub v1.79.0 h1:b+nSFqcP938qjah/+4iQgfoBHku+WMW9wRFyySLv9EU=
github.com/aws/aws-sdk-go-v2/service/securityhub v1.79.0/go.mod h1:Ru8eaFVKpo8f3zfubq3H228F7Mu6YPRxbqAIrek0BaA=
github.com/aws/aws-sdk-go-v2/service/servicecatalog v1.45.0 h1:QsoqZZGsS7tsVQ5WgMLZWhI9cW5G8RQ3zVPXSG8tYlI=
github.com/aws/aws-sdk-go-v2/service/servicecatalog v1.45.0/go.mod h1:8CUZEe4BP341NpeiT3QfYz76kAtDAwnyVgXSUbeYelU=
github.com/aws/aws-sdk-go-v2/service/ses v1.40.0 h1:5PuP7TCmZFO6josnC7AQtb+UWE6cn6kT5wCw6yfVZoU=
github.com/aws/aws-sdk-go-v2/service/ses v1.40.0/go.mod h1:c32UEWTkWkzfGTqCErAhYxfU+NUdj1wssOQFFGwC7JU=
github.com/aws/aws-sdk-go-v2/service/sfn v1.48.1 h1:76wdLc/QxnlGoAHgaQf9gVJPfY0I0DwnA7Q1bd+7o30=
github.com/aws/aws-sdk-go-v2/service/sfn v1.48.1/go.mod h1:pfMEgN9npDtoHYEYmxJRwhIiGXQt3mwIqyXjo1/RnaM=
github.com/aws/aws-sdk-go-v2/service/shield v1.41.0 h1:6I8R0NMqF5bcSTxv47qsAf3vabDrP4SY/XyBPx8F+2s=
github.com/aws/aws-sdk-go-v2/service/shield v1.41.0/go.mod h1:pcEMCH4PjIC7FEZc8XhvwLEV19oWsio8s+W1H2O6IK4=
github.com/aws/aws-sdk-go-v2/service/signin v1.8.0 h1:bSvKIoLuRGFqGwASgeCQncCJDi9YKKBDEmCEZzOX1uU=
github.com/aws/aws-sdk-go-v2/service/signin v1.8.0/go.mod h1:9IqUlsJDbUPcg6cgx3WEzXdjrbWzLDQrak0aaSqlTcI=
github.com/aws/aws-sdk-go-v2/service/sns v1.45.0 h1:6CE6OJphrV+SW+s4sUGuZXWbhBhrGGd5vf6C6zk4ZGA=
github.com/aws/aws-sdk-go-v2/service/sns v1.45.0/go.mod h1:ucBUMGW8avqGmbyQoXyoC6Cgt+WsNBrhL9DA4Bb+jN4=
github.com/aws/aws-sdk-go-v2/service/sqs v1.50.0 h1:iyOnIecB0y4rkOi4zeZO8iknl9h27cDCFW1tLP7HaKw=
github.com/aws/aws-sdk-go-v2/service/sqs v1.50.0/go.mod h1:d4DToDhLnEofHKvFu4yCF0Be65pZW267COfKOztsZOQ=
github.com/aws/aws-sdk-go-v2/service/ssm v1.76.0 h1:hdrI7EQp8HQzmxSwsXsWhjo7AwcVsw8rC/5AOCiDwQ4=
github.com/aws/aws-sdk-go-v2/service/ssm v1.76.0/go.mod h1:l+OkBEbZ5r0XEHQ+R7c27Zw3LO89fau+FBxsDoAW1TU=
github.com/aws/aws-sdk-go-v2/service/ssmincidents v1.45.0 h1:W4ZfXYIRxU0+pizfpAIhn82zLIQN349JRboux62TKyc=
github.com/aws/aws-sdk-go-v2/service/ssmincidents v1.45.0/go.mod h1:4wrDNEPkWP9XQEmzFDZ/ctCVSX++Gs47xGu78whQPMo=
github.com/aws/aws-sdk-go-v2/service/sso v1.36.0 h1:iivsh357VnfIc18IFWSuoyQEluf8frfWf4cL2Y0JUQw=
github.com/aws/aws-sdk-go-v2/service/sso v1.36.0/go.mod h1:tWuiVBUtPBr8/rgRiYS8Uf85sHcAN+G7XS3D3CEoUh8=
github.com/aws/aws-sdk-go-v2/service/ssooidc v1.41.0 h1:wVxM3QzSKIK8tSN6OGgezp9OK91lCLH2zhmRInN9rFM=
github.com/aws/aws-sdk-go-v2/service/ssooidc v1.41.0/go.mod h1:naFe83jSMuYkH+QjQPX8n1MLhBkeCFM5Lsnh5m5wz3c=
github.com/aws/aws-sdk-go-v2/service/storagegateway v1.50.0 h1:/cJZafWhWGh5dRoCwPKHI4qoaHi8qM7HKttNNrEXomE=
github.com/aws/aws-sdk-go-v2/service/storagegateway v1.50.0/go.mod h1:2RG05JPI8D7re8M+lb/ALgDUMGgRbQfKGrLjyctbcKg=
github.com/aws/aws-sdk-go-v2/service/sts v1.48.0 h1:RzZVCzYM19vhJCT5s6vO2wN8ie770Li/TmbAZ9B6N7E=
github.com/aws/aws-sdk-go-v2/service/sts v1.48.0/go.mod h1:mKo/CzaCz8qytGW70NG4vIIGAx1HXTlb5lHNkC5k3lk=
github.com/aws/aws-sdk-go-v2/service/transfer v1.80.0 h1:bUl4m/FbijQv69FgxTujTiBDpg6iCTMJJZape9TQDdA=
github.com/aws/aws-sdk-go-v2/service/transfer v1.80.0/go.mod h1:iPzN3JIlADbJ0mZGsShYcVNYpkUVq0ca1s+wNDv3xIs=
github.com/aws/aws-sdk-go-v2/service/trustedadvisor v1.21.0 h1:mpMKHm4gZVt2qZEzxQ5zQPhA2ztbNW2tbe2fUUw0oAw=
github.com/aws/aws-sdk-go-v2/service/trustedadvisor v1.21.0/go.mod h1:TJ2Ibvsw4q3LuEcvgdFh9vtMIuXGXss8yJUCcSnq5lE=
github.com/aws/aws-sdk-go-v2/service/waf v1.36.0 h1:Kf2eUsMxr5oAR4yiTtzFZl7kga7+TGj0Zk8e0SGQY/E=
github.com/aws/aws-sdk-go-v2/service/waf v1.36.0/go.mod h1:QDfQRILBYvJ6q4bvLs7b95h7OxKrnH1EXeACKwQsFxI=
github.com/aws/aws-sdk-go-v2/service/wafv2 v1.81.0 h1:IJc6YXrC/Mx37ULDcKRayG9en+k/ZpOWdv97gKE/4SM=
github.com/aws/aws-sdk-go-v2/service/wafv2 v1.81.0/go.mod h1:5Kd6aFhJsijLSA8ypNo9SkxKRq3N7t8PRaIjDO5V7k8=
github.com/aws/aws-sdk-go-v2/service/wellarchitected v1.47.0 h1:UC3BAZNAzNJ8POxFVJ/+/42WFVzSwKPrwXTxrH8EVlM=
github.com/aws/aws-sdk-go-v2/service/wellarchitected v1.47.0/go.mod h1:fWq+tUu8FQ1iJynvttDufJ6dxhdUjowp9Gf+rhMRjeQ=
github.com/aws/aws-sdk-go-v2/service/workspaces v1.78.0 h1:YOuUCvgyHQXi8Anct2+1cCWm5EpwfPWfAtO/OCpGNvs=
github.com/aws/aws-sdk-go-v2/service/workspaces v1.78.0/go.mod h1:jRRi0Hb/+JWlPoImwTzYCUrsEqn5dAiPlhOk+W5woPI=
github.com/aws/smithy-go v1.28.1 h1:R/nXH00c8qcfCzQVELtRw+eLQWtzv+VAIEFJ1/xxXlQ=
github.com/aws/smithy-go v1.28.1/go.mod h1:YE2RhdIuDbA5E5bTdciG9KrW3+TiEONeUWCqxX9i1Fc=
github.com/gofrs/flock v0.10.0 h1:SHMXenfaB03KbroETaCMtbBg3Yn29v4w1r+tgy4ff4k=
github.com/gofrs/flock v0.10.0/go.mod h1:FirDy1Ing0mI2+kB6wk+vyyAH+e6xiE+EYA0jnzV9jc=
github.com/oracle/oci-go-sdk/v65 v65.124.1 h1:Wuos4/Ru9PRI83ObOfAmaEu+m+LcmjG7f17c0p6YzwM=
github.com/oracle/oci-go-sdk/v65 v65.124.1/go.mod h1:Pzy+BpgkDesvGZXEHgslwhIYobHCPHg6wRta1mWnlqQ=
github.com/sony/gobreaker/v2 v2.4.0 h1:g2KJRW1Ubty3+ZOcSEUN7K+REQJdN6yo6XvaML+jptg=
github.com/sony/gobreaker/v2 v2.4.0/go.mod h1:pTyFJgcZ3h2tdQVLZZruK2C0eoFL1fb/G83wK1ZQl+s=
github.com/stretchr/objx v0.5.3 h1:jmXUvGomnU1o3W/V5h2VEradbpJDwGrzugQQvL0POH4=
github.com/stretchr/objx v0.5.3/go.mod h1:rDQraq+vQZU7Fde9LOZLr8Tax6zZvy4kuNKF+QYS+U0=
github.com/stretchr/testify v1.12.1 h1:EuwCh5fleGS7H32xRwO3wRGT7DxrDhLAT6FF8MpWDWE=
github.com/stretchr/testify v1.12.1/go.mod h1:MDEgiDPPsNp5cuIrHPPCyornHKgEVbtFUmoNlxoYthg=
github.com/youmark/pkcs8 v0.0.0-20240726163527-a2c0da244d78 h1:ilQV1hzziu+LLM3zUTJ0trRztfwgjqKnBWNtSRkbmwM=
github.com/youmark/pkcs8 v0.0.0-20240726163527-a2c0da244d78/go.mod h1:aL8wCCfTfSfmXjznFBSZNN13rSJjlIOI1fUNAtF7rmI=
go.yaml.in/yaml/v3 v3.0.5 h1:N6y/pJk8buWs9NY5ERU2HSMfm+IuD/OtfdAnq6kESPw=
go.yaml.in/yaml/v3 v3.0.5/go.mod h1:HVTZu1O7/Vkt2N+BFy8Zza+lnLsABggaTM2ZpNIGuKg=
golang.org/x/crypto v0.55.0 h1:+KWHjbgOaAQ66dh/YlkZKHlz9ZUlq61AFirAR9ntP8M=
golang.org/x/crypto v0.55.0/go.mod h1:uq0V9dE/fzQuJtbnL+2EhWOE63vo164FY8xqEnV9xis=
golang.org/x/sys v0.47.0 h1:o7XGOvZQCADBQQ4Y7VNq2dRWQR7JmOUW8Kxx4ZsNgWs=
golang.org/x/sys v0.47.0/go.mod h1:4GL1E5IUh+htKOUEOaiffhrAeqysfVGipDYzABqnCmw=
